
Microsoft Visual Studio Solution File, Format Version 12.00
# Visual Studio 15
VisualStudioVersion = 15.0.26730.12
MinimumVisualStudioVersion = 10.0.40219.1
Project("{9A19103F-16F7-4668-BE54-9A1E7A4F7556}") = "StackExchange.Redis.WordQuery", "StackExchange.Redis.WordQuery\StackExchange.Redis.WordQuery.csproj", "{3748A136-A14C-4413-86F4-AC9760DBD2DD}"
EndProject
Project("{9A19103F-16F7-4668-BE54-9A1E7A4F7556}") = "StackExchange.Redis.WordQueryTest", "StackExchange.Redis.WordQueryTest\StackExchange.Redis.WordQueryTest.csproj", "{4C0235D3-933D-4D23-99FB-8E28BFC8B043}"
EndProject
Global
	GlobalSection(SolutionConfigurationPlatforms) = preSolution
		Debug|Any CPU = Debug|Any CPU
		Release|Any CPU = Release|Any CPU
	EndGlobalSection
	GlobalSection(ProjectConfigurationPlatforms) = postSolution
		{3748A136-A14C-4413-86F4-AC9760DBD2DD}.Debug|Any CPU.ActiveCfg = Debug|Any CPU
		{3748A136-A14C-4413-86F4-AC9760DBD2DD}.Debug|Any CPU.Build.0 = Debug|Any CPU
		{3748A136-A14C-4413-86F4-AC9760DBD2DD}.Release|Any CPU.ActiveCfg = Release|Any CPU
		{3748A136-A14C-4413-86F4-AC9760DBD2DD}.Release|Any CPU.Build.0 = Release|Any CPU
		{4C0235D3-933D-4D23-99FB-8E28BFC8B043}.Debug|Any CPU.ActiveCfg = Debug|Any CPU
		{4C0235D3-933D-4D23-99FB-8E28BFC8B043}.Debug|Any CPU.Build.0 = Debug|Any CPU
		{4C0235D3-933D-4D23-99FB-8E28BFC8B043}.Release|Any CPU.ActiveCfg = Release|Any CPU
		{4C0235D3-933D-4D23-99FB-8E28BFC8B043}.Release|Any CPU.Build.0 = Release|Any CPU
	EndGlobalSection
	GlobalSection(SolutionProperties) = preSolution
		HideSolutionNode = FALSE
	EndGlobalSection
	GlobalSection(ExtensibilityGlobals) = postSolution
		SolutionGuid = {412911C2-A0D0-4BC3-B357-D48D7ADA8F12}
	EndGlobalSection
EndGlobal
