
Microsoft Visual Studio Solution File, Format Version 12.00
# Visual Studio 15
VisualStudioVersion = 15.0.26124.0
MinimumVisualStudioVersion = 15.0.26124.0
Project("{FAE04EC0-301F-11D3-BF4B-00C04F79EFBC}") = "StackExchange.Redis.WordSearch", "StackExchange.Redis.WordSearch\StackExchange.Redis.WordSearch.csproj", "{7387476B-B4E2-42C9-8E7A-770488D4F291}"
EndProject
Project("{FAE04EC0-301F-11D3-BF4B-00C04F79EFBC}") = "StackExchange.Redis.WordSearch.Test", "StackExchange.Redis.WordSearch.Test\StackExchange.Redis.WordSearch.Test.csproj", "{DD3001A2-ED42-42CA-8FE1-D769C36217FA}"
EndProject
Global
	GlobalSection(SolutionConfigurationPlatforms) = preSolution
		Debug|Any CPU = Debug|Any CPU
		Debug|x64 = Debug|x64
		Debug|x86 = Debug|x86
		Release|Any CPU = Release|Any CPU
		Release|x64 = Release|x64
		Release|x86 = Release|x86
	EndGlobalSection
	GlobalSection(SolutionProperties) = preSolution
		HideSolutionNode = FALSE
	EndGlobalSection
	GlobalSection(ProjectConfigurationPlatforms) = postSolution
		{7387476B-B4E2-42C9-8E7A-770488D4F291}.Debug|Any CPU.ActiveCfg = Debug|Any CPU
		{7387476B-B4E2-42C9-8E7A-770488D4F291}.Debug|Any CPU.Build.0 = Debug|Any CPU
		{7387476B-B4E2-42C9-8E7A-770488D4F291}.Debug|x64.ActiveCfg = Debug|x64
		{7387476B-B4E2-42C9-8E7A-770488D4F291}.Debug|x64.Build.0 = Debug|x64
		{7387476B-B4E2-42C9-8E7A-770488D4F291}.Debug|x86.ActiveCfg = Debug|x86
		{7387476B-B4E2-42C9-8E7A-770488D4F291}.Debug|x86.Build.0 = Debug|x86
		{7387476B-B4E2-42C9-8E7A-770488D4F291}.Release|Any CPU.ActiveCfg = Release|Any CPU
		{7387476B-B4E2-42C9-8E7A-770488D4F291}.Release|Any CPU.Build.0 = Release|Any CPU
		{7387476B-B4E2-42C9-8E7A-770488D4F291}.Release|x64.ActiveCfg = Release|x64
		{7387476B-B4E2-42C9-8E7A-770488D4F291}.Release|x64.Build.0 = Release|x64
		{7387476B-B4E2-42C9-8E7A-770488D4F291}.Release|x86.ActiveCfg = Release|x86
		{7387476B-B4E2-42C9-8E7A-770488D4F291}.Release|x86.Build.0 = Release|x86
		{DD3001A2-ED42-42CA-8FE1-D769C36217FA}.Debug|Any CPU.ActiveCfg = Debug|Any CPU
		{DD3001A2-ED42-42CA-8FE1-D769C36217FA}.Debug|Any CPU.Build.0 = Debug|Any CPU
		{DD3001A2-ED42-42CA-8FE1-D769C36217FA}.Debug|x64.ActiveCfg = Debug|x64
		{DD3001A2-ED42-42CA-8FE1-D769C36217FA}.Debug|x64.Build.0 = Debug|x64
		{DD3001A2-ED42-42CA-8FE1-D769C36217FA}.Debug|x86.ActiveCfg = Debug|x86
		{DD3001A2-ED42-42CA-8FE1-D769C36217FA}.Debug|x86.Build.0 = Debug|x86
		{DD3001A2-ED42-42CA-8FE1-D769C36217FA}.Release|Any CPU.ActiveCfg = Release|Any CPU
		{DD3001A2-ED42-42CA-8FE1-D769C36217FA}.Release|Any CPU.Build.0 = Release|Any CPU
		{DD3001A2-ED42-42CA-8FE1-D769C36217FA}.Release|x64.ActiveCfg = Release|x64
		{DD3001A2-ED42-42CA-8FE1-D769C36217FA}.Release|x64.Build.0 = Release|x64
		{DD3001A2-ED42-42CA-8FE1-D769C36217FA}.Release|x86.ActiveCfg = Release|x86
		{DD3001A2-ED42-42CA-8FE1-D769C36217FA}.Release|x86.Build.0 = Release|x86
	EndGlobalSection
EndGlobal
